// !$*UTF8*$!
{
	archiveVersion = 1;
	classes = {
	};
	objectVersion = 51;
	objects = {

/* Begin PBXBuildFile section */
		8F62B240E763F9C235C1EBBC /* Pods_Atom.framework in Frameworks */ = {isa = PBXBuildFile; fileRef = A22292AA53A5254D31851AEF /* Pods_Atom.framework */; };
		A7CB509A8DF14558306FA055 /* Pods_Atom_AtomUITests.framework in Frameworks */ = {isa = PBXBuildFile; fileRef = B8FB5B7BE9CFD0F71C500A7C /* Pods_Atom_AtomUITests.framework */; };
		AF7A44D9341BC9AA6CE7FB8D /* Pods_AtomTests.framework in Frameworks */ = {isa = PBXBuildFile; fileRef = CA69DED588840974590BAD79 /* Pods_AtomTests.framework */; };
		C109FAFD24B66D1B0013C027 /* AppDelegate.swift in Sources */ = {isa = PBXBuildFile; fileRef = C109FAFC24B66D1B0013C027 /* AppDelegate.swift */; };
		C109FAFF24B66D1B0013C027 /* ViewController.swift in Sources */ = {isa = PBXBuildFile; fileRef = C109FAFE24B66D1B0013C027 /* ViewController.swift */; };
		C109FB0224B66D1B0013C027 /* Main.storyboard in Resources */ = {isa = PBXBuildFile; fileRef = C109FB0024B66D1B0013C027 /* Main.storyboard */; };
		C109FB0424B66D1C0013C027 /* Assets.xcassets in Resources */ = {isa = PBXBuildFile; fileRef = C109FB0324B66D1C0013C027 /* Assets.xcassets */; };
		C109FB0724B66D1C0013C027 /* LaunchScreen.storyboard in Resources */ = {isa = PBXBuildFile; fileRef = C109FB0524B66D1C0013C027 /* LaunchScreen.storyboard */; };
		C109FB1224B66D1C0013C027 /* AtomTests.swift in Sources */ = {isa = PBXBuildFile; fileRef = C109FB1124B66D1C0013C027 /* AtomTests.swift */; };
		C109FB1D24B66D1C0013C027 /* AtomUITests.swift in Sources */ = {isa = PBXBuildFile; fileRef = C109FB1C24B66D1C0013C027 /* AtomUITests.swift */; };
		C109FB2C24B66D630013C027 /* SplashVC.swift in Sources */ = {isa = PBXBuildFile; fileRef = C109FB2B24B66D630013C027 /* SplashVC.swift */; };
		C1533CDF24B8932C0038DCBA /* Podfile in Resources */ = {isa = PBXBuildFile; fileRef = C1533CDE24B8932C0038DCBA /* Podfile */; };
		C1533CE124B897340038DCBA /* SplashPresenter.swift in Sources */ = {isa = PBXBuildFile; fileRef = C1533CE024B897340038DCBA /* SplashPresenter.swift */; };
		C1533CE324B897DB0038DCBA /* SplashView.swift in Sources */ = {isa = PBXBuildFile; fileRef = C1533CE224B897DB0038DCBA /* SplashView.swift */; };
		C1533CE624B898360038DCBA /* Movie.swift in Sources */ = {isa = PBXBuildFile; fileRef = C1533CE524B898360038DCBA /* Movie.swift */; };
		C1FFC9C024B8A6AC009696D6 /* SplashService.swift in Sources */ = {isa = PBXBuildFile; fileRef = C1FFC9BF24B8A6AC009696D6 /* SplashService.swift */; };
/* End PBXBuildFile section */

/* Begin PBXContainerItemProxy section */
		C109FB0E24B66D1C0013C027 /* PBXContainerItemProxy */ = {
			isa = PBXContainerItemProxy;
			containerPortal = C109FAF124B66D1A0013C027 /* Project object */;
			proxyType = 1;
			remoteGlobalIDString = C109FAF824B66D1A0013C027;
			remoteInfo = Atom;
		};
		C109FB1924B66D1C0013C027 /* PBXContainerItemProxy */ = {
			isa = PBXContainerItemProxy;
			containerPortal = C109FAF124B66D1A0013C027 /* Project object */;
			proxyType = 1;
			remoteGlobalIDString = C109FAF824B66D1A0013C027;
			remoteInfo = Atom;
		};
/* End PBXContainerItemProxy section */

/* Begin PBXFileReference section */
		002B7FB711282C387FFDC10C /* Pods-Atom.release.xcconfig */ = {isa = PBXFileReference; includeInIndex = 1; lastKnownFileType = text.xcconfig; name = "Pods-Atom.release.xcconfig"; path = "Target Support Files/Pods-Atom/Pods-Atom.release.xcconfig"; sourceTree = "<group>"; };
		16EE9B7A721FC651398749C3 /* Pods-AtomTests.debug.xcconfig */ = {isa = PBXFileReference; includeInIndex = 1; lastKnownFileType = text.xcconfig; name = "Pods-AtomTests.debug.xcconfig"; path = "Target Support Files/Pods-AtomTests/Pods-AtomTests.debug.xcconfig"; sourceTree = "<group>"; };
		362A7C222C94590496785C7D /* Pods-Atom-AtomUITests.release.xcconfig */ = {isa = PBXFileReference; includeInIndex = 1; lastKnownFileType = text.xcconfig; name = "Pods-Atom-AtomUITests.release.xcconfig"; path = "Target Support Files/Pods-Atom-AtomUITests/Pods-Atom-AtomUITests.release.xcconfig"; sourceTree = "<group>"; };
		6C897FC3D79193A546DDC3AE /* Pods-Atom-AtomUITests.debug.xcconfig */ = {isa = PBXFileReference; includeInIndex = 1; lastKnownFileType = text.xcconfig; name = "Pods-Atom-AtomUITests.debug.xcconfig"; path = "Target Support Files/Pods-Atom-AtomUITests/Pods-Atom-AtomUITests.debug.xcconfig"; sourceTree = "<group>"; };
		A22292AA53A5254D31851AEF /* Pods_Atom.framework */ = {isa = PBXFileReference; explicitFileType = wrapper.framework; includeInIndex = 0; path = Pods_Atom.framework; sourceTree = BUILT_PRODUCTS_DIR; };
		A929446C144A84A936B6C660 /* Pods-Atom.debug.xcconfig */ = {isa = PBXFileReference; includeInIndex = 1; lastKnownFileType = text.xcconfig; name = "Pods-Atom.debug.xcconfig"; path = "Target Support Files/Pods-Atom/Pods-Atom.debug.xcconfig"; sourceTree = "<group>"; };
		B8FB5B7BE9CFD0F71C500A7C /* Pods_Atom_AtomUITests.framework */ = {isa = PBXFileReference; explicitFileType = wrapper.framework; includeInIndex = 0; path = Pods_Atom_AtomUITests.framework; sourceTree = BUILT_PRODUCTS_DIR; };
		C109FAF924B66D1A0013C027 /* Atom.app */ = {isa = PBXFileReference; explicitFileType = wrapper.application; includeInIndex = 0; path = Atom.app; sourceTree = BUILT_PRODUCTS_DIR; };
		C109FAFC24B66D1B0013C027 /* AppDelegate.swift */ = {isa = PBXFileReference; lastKnownFileType = sourcecode.swift; path = AppDelegate.swift; sourceTree = "<group>"; };
		C109FAFE24B66D1B0013C027 /* ViewController.swift */ = {isa = PBXFileReference; lastKnownFileType = sourcecode.swift; path = ViewController.swift; sourceTree = "<group>"; };
		C109FB0124B66D1B0013C027 /* Base */ = {isa = PBXFileReference; lastKnownFileType = file.storyboard; name = Base; path = Base.lproj/Main.storyboard; sourceTree = "<group>"; };
		C109FB0324B66D1C0013C027 /* Assets.xcassets */ = {isa = PBXFileReference; lastKnownFileType = folder.assetcatalog; path = Assets.xcassets; sourceTree = "<group>"; };
		C109FB0624B66D1C0013C027 /* Base */ = {isa = PBXFileReference; lastKnownFileType = file.storyboard; name = Base; path = Base.lproj/LaunchScreen.storyboard; sourceTree = "<group>"; };
		C109FB0824B66D1C0013C027 /* Info.plist */ = {isa = PBXFileReference; lastKnownFileType = text.plist.xml; path = Info.plist; sourceTree = "<group>"; };
		C109FB0D24B66D1C0013C027 /* AtomTests.xctest */ = {isa = PBXFileReference; explicitFileType = wrapper.cfbundle; includeInIndex = 0; path = AtomTests.xctest; sourceTree = BUILT_PRODUCTS_DIR; };
		C109FB1124B66D1C0013C027 /* AtomTests.swift */ = {isa = PBXFileReference; lastKnownFileType = sourcecode.swift; path = AtomTests.swift; sourceTree = "<group>"; };
		C109FB1324B66D1C0013C027 /* Info.plist */ = {isa = PBXFileReference; lastKnownFileType = text.plist.xml; path = Info.plist; sourceTree = "<group>"; };
		C109FB1824B66D1C0013C027 /* AtomUITests.xctest */ = {isa = PBXFileReference; explicitFileType = wrapper.cfbundle; includeInIndex = 0; path = AtomUITests.xctest; sourceTree = BUILT_PRODUCTS_DIR; };
		C109FB1C24B66D1C0013C027 /* AtomUITests.swift */ = {isa = PBXFileReference; lastKnownFileType = sourcecode.swift; path = AtomUITests.swift; sourceTree = "<group>"; };
		C109FB1E24B66D1C0013C027 /* Info.plist */ = {isa = PBXFileReference; lastKnownFileType = text.plist.xml; path = Info.plist; sourceTree = "<group>"; };
		C109FB2B24B66D630013C027 /* SplashVC.swift */ = {isa = PBXFileReference; lastKnownFileType = sourcecode.swift; path = SplashVC.swift; sourceTree = "<group>"; };
		C1533CDE24B8932C0038DCBA /* Podfile */ = {isa = PBXFileReference; fileEncoding = 4; lastKnownFileType = text; path = Podfile; sourceTree = SOURCE_ROOT; };
		C1533CE024B897340038DCBA /* SplashPresenter.swift */ = {isa = PBXFileReference; lastKnownFileType = sourcecode.swift; path = SplashPresenter.swift; sourceTree = "<group>"; };
		C1533CE224B897DB0038DCBA /* SplashView.swift */ = {isa = PBXFileReference; lastKnownFileType = sourcecode.swift; path = SplashView.swift; sourceTree = "<group>"; };
		C1533CE524B898360038DCBA /* Movie.swift */ = {isa = PBXFileReference; lastKnownFileType = sourcecode.swift; path = Movie.swift; sourceTree = "<group>"; };
		C1FFC9BF24B8A6AC009696D6 /* SplashService.swift */ = {isa = PBXFileReference; fileEncoding = 4; lastKnownFileType = sourcecode.swift; path = SplashService.swift; sourceTree = "<group>"; };
		CA69DED588840974590BAD79 /* Pods_AtomTests.framework */ = {isa = PBXFileReference; explicitFileType = wrapper.framework; includeInIndex = 0; path = Pods_AtomTests.framework; sourceTree = BUILT_PRODUCTS_DIR; };
		D3ACFAFAD4DA4E1539F53C00 /* Pods-AtomTests.release.xcconfig */ = {isa = PBXFileReference; includeInIndex = 1; lastKnownFileType = text.xcconfig; name = "Pods-AtomTests.release.xcconfig"; path = "Target Support Files/Pods-AtomTests/Pods-AtomTests.release.xcconfig"; sourceTree = "<group>"; };
/* End PBXFileReference section */

/* Begin PBXFrameworksBuildPhase section */
		C109FAF624B66D1A0013C027 /* Frameworks */ = {
			isa = PBXFrameworksBuildPhase;
			buildActionMask = 2147483647;
			files = (
				8F62B240E763F9C235C1EBBC /* Pods_Atom.framework in Frameworks */,
			);
			runOnlyForDeploymentPostprocessing = 0;
		};
		C109FB0A24B66D1C0013C027 /* Frameworks */ = {
			isa = PBXFrameworksBuildPhase;
			buildActionMask = 2147483647;
			files = (
				AF7A44D9341BC9AA6CE7FB8D /* Pods_AtomTests.framework in Frameworks */,
			);
			runOnlyForDeploymentPostprocessing = 0;
		};
		C109FB1524B66D1C0013C027 /* Frameworks */ = {
			isa = PBXFrameworksBuildPhase;
			buildActionMask = 2147483647;
			files = (
				A7CB509A8DF14558306FA055 /* Pods_Atom_AtomUITests.framework in Frameworks */,
			);
			runOnlyForDeploymentPostprocessing = 0;
		};
/* End PBXFrameworksBuildPhase section */

/* Begin PBXGroup section */
		C109FAF024B66D1A0013C027 = {
			isa = PBXGroup;
			children = (
				C109FAFB24B66D1B0013C027 /* Atom */,
				C109FB1024B66D1C0013C027 /* AtomTests */,
				C109FB1B24B66D1C0013C027 /* AtomUITests */,
				C109FAFA24B66D1B0013C027 /* Products */,
				CBEB999E3809BAB53EE1C40C /* Pods */,
				D50CC9F2129600B1C86A9A01 /* Frameworks */,
			);
			sourceTree = "<group>";
		};
		C109FAFA24B66D1B0013C027 /* Products */ = {
			isa = PBXGroup;
			children = (
				C109FAF924B66D1A0013C027 /* Atom.app */,
				C109FB0D24B66D1C0013C027 /* AtomTests.xctest */,
				C109FB1824B66D1C0013C027 /* AtomUITests.xctest */,
			);
			name = Products;
			sourceTree = "<group>";
		};
		C109FAFB24B66D1B0013C027 /* Atom */ = {
			isa = PBXGroup;
			children = (
				C1533CE724B899100038DCBA /* Services */,
				C1533CE424B898290038DCBA /* Model */,
				C109FB2A24B66D540013C027 /* Splash */,
				C109FAFC24B66D1B0013C027 /* AppDelegate.swift */,
				C109FAFE24B66D1B0013C027 /* ViewController.swift */,
				C109FB0024B66D1B0013C027 /* Main.storyboard */,
				C109FB0324B66D1C0013C027 /* Assets.xcassets */,
				C109FB0524B66D1C0013C027 /* LaunchScreen.storyboard */,
				C109FB0824B66D1C0013C027 /* Info.plist */,
				C1533CDE24B8932C0038DCBA /* Podfile */,
			);
			path = Atom;
			sourceTree = "<group>";
		};
		C109FB1024B66D1C0013C027 /* AtomTests */ = {
			isa = PBXGroup;
			children = (
				C109FB1124B66D1C0013C027 /* AtomTests.swift */,
				C109FB1324B66D1C0013C027 /* Info.plist */,
			);
			path = AtomTests;
			sourceTree = "<group>";
		};
		C109FB1B24B66D1C0013C027 /* AtomUITests */ = {
			isa = PBXGroup;
			children = (
				C109FB1C24B66D1C0013C027 /* AtomUITests.swift */,
				C109FB1E24B66D1C0013C027 /* Info.plist */,
			);
			path = AtomUITests;
			sourceTree = "<group>";
		};
		C109FB2A24B66D540013C027 /* Splash */ = {
			isa = PBXGroup;
			children = (
				C109FB2B24B66D630013C027 /* SplashVC.swift */,
				C1533CE024B897340038DCBA /* SplashPresenter.swift */,
				C1533CE224B897DB0038DCBA /* SplashView.swift */,
			);
			path = Splash;
			sourceTree = "<group>";
		};
		C1533CE424B898290038DCBA /* Model */ = {
			isa = PBXGroup;
			children = (
				C1533CE524B898360038DCBA /* Movie.swift */,
			);
			path = Model;
			sourceTree = "<group>";
		};
		C1533CE724B899100038DCBA /* Services */ = {
			isa = PBXGroup;
			children = (
				C1FFC9BF24B8A6AC009696D6 /* SplashService.swift */,
			);
			path = Services;
			sourceTree = "<group>";
		};
		CBEB999E3809BAB53EE1C40C /* Pods */ = {
			isa = PBXGroup;
			children = (
				A929446C144A84A936B6C660 /* Pods-Atom.debug.xcconfig */,
				002B7FB711282C387FFDC10C /* Pods-Atom.release.xcconfig */,
				6C897FC3D79193A546DDC3AE /* Pods-Atom-AtomUITests.debug.xcconfig */,
				362A7C222C94590496785C7D /* Pods-Atom-AtomUITests.release.xcconfig */,
				16EE9B7A721FC651398749C3 /* Pods-AtomTests.debug.xcconfig */,
				D3ACFAFAD4DA4E1539F53C00 /* Pods-AtomTests.release.xcconfig */,
			);
			path = Pods;
			sourceTree = "<group>";
		};
		D50CC9F2129600B1C86A9A01 /* Frameworks */ = {
			isa = PBXGroup;
			children = (
				A22292AA53A5254D31851AEF /* Pods_Atom.framework */,
				B8FB5B7BE9CFD0F71C500A7C /* Pods_Atom_AtomUITests.framework */,
				CA69DED588840974590BAD79 /* Pods_AtomTests.framework */,
			);
			name = Frameworks;
			sourceTree = "<group>";
		};
/* End PBXGroup section */

/* Begin PBXNativeTarget section */
		C109FAF824B66D1A0013C027 /* Atom */ = {
			isa = PBXNativeTarget;
			buildConfigurationList = C109FB2124B66D1C0013C027 /* Build configuration list for PBXNativeTarget "Atom" */;
			buildPhases = (
				B202365B06D3B7A3E9B7273B /* [CP] Check Pods Manifest.lock */,
				C109FAF524B66D1A0013C027 /* Sources */,
				C109FAF624B66D1A0013C027 /* Frameworks */,
				C109FAF724B66D1A0013C027 /* Resources */,
				BE9C4C6872868C13BBCA90FB /* [CP] Embed Pods Frameworks */,
			);
			buildRules = (
			);
			dependencies = (
			);
			name = Atom;
			productName = Atom;
			productReference = C109FAF924B66D1A0013C027 /* Atom.app */;
			productType = "com.apple.product-type.application";
		};
		C109FB0C24B66D1C0013C027 /* AtomTests */ = {
			isa = PBXNativeTarget;
			buildConfigurationList = C109FB2424B66D1C0013C027 /* Build configuration list for PBXNativeTarget "AtomTests" */;
			buildPhases = (
				9B9D28928D6E71A1EFAAC088 /* [CP] Check Pods Manifest.lock */,
				C109FB0924B66D1C0013C027 /* Sources */,
				C109FB0A24B66D1C0013C027 /* Frameworks */,
				C109FB0B24B66D1C0013C027 /* Resources */,
			);
			buildRules = (
			);
			dependencies = (
				C109FB0F24B66D1C0013C027 /* PBXTargetDependency */,
			);
			name = AtomTests;
			productName = AtomTests;
			productReference = C109FB0D24B66D1C0013C027 /* AtomTests.xctest */;
			productType = "com.apple.product-type.bundle.unit-test";
		};
		C109FB1724B66D1C0013C027 /* AtomUITests */ = {
			isa = PBXNativeTarget;
			buildConfigurationList = C109FB2724B66D1C0013C027 /* Build configuration list for PBXNativeTarget "AtomUITests" */;
			buildPhases = (
				4E9A66986E3DD13B751E6B49 /* [CP] Check Pods Manifest.lock */,
				C109FB1424B66D1C0013C027 /* Sources */,
				C109FB1524B66D1C0013C027 /* Frameworks */,
				C109FB1624B66D1C0013C027 /* Resources */,
				4F58456FFA9C2864D0E8C223 /* [CP] Embed Pods Frameworks */,
			);
			buildRules = (
			);
			dependencies = (
				C109FB1A24B66D1C0013C027 /* PBXTargetDependency */,
			);
			name = AtomUITests;
			productName = AtomUITests;
			productReference = C109FB1824B66D1C0013C027 /* AtomUITests.xctest */;
			productType = "com.apple.product-type.bundle.ui-testing";
		};
/* End PBXNativeTarget section */

/* Begin PBXProject section */
		C109FAF124B66D1A0013C027 /* Project object */ = {
			isa = PBXProject;
			attributes = {
				LastSwiftUpdateCheck = 1010;
				LastUpgradeCheck = 1010;
				ORGANIZATIONNAME = Marta;
				TargetAttributes = {
					C109FAF824B66D1A0013C027 = {
						CreatedOnToolsVersion = 10.1;
					};
					C109FB0C24B66D1C0013C027 = {
						CreatedOnToolsVersion = 10.1;
						TestTargetID = C109FAF824B66D1A0013C027;
					};
					C109FB1724B66D1C0013C027 = {
						CreatedOnToolsVersion = 10.1;
						TestTargetID = C109FAF824B66D1A0013C027;
					};
				};
			};
			buildConfigurationList = C109FAF424B66D1A0013C027 /* Build configuration list for PBXProject "Atom" */;
			compatibilityVersion = "Xcode 9.3";
			developmentRegion = en;
			hasScannedForEncodings = 0;
			knownRegions = (
				en,
				Base,
			);
			mainGroup = C109FAF024B66D1A0013C027;
			productRefGroup = C109FAFA24B66D1B0013C027 /* Products */;
			projectDirPath = "";
			projectRoot = "";
			targets = (
				C109FAF824B66D1A0013C027 /* Atom */,
				C109FB0C24B66D1C0013C027 /* AtomTests */,
				C109FB1724B66D1C0013C027 /* AtomUITests */,
			);
		};
/* End PBXProject section */

/* Begin PBXResourcesBuildPhase section */
		C109FAF724B66D1A0013C027 /* Resources */ = {
			isa = PBXResourcesBuildPhase;
			buildActionMask = 2147483647;
			files = (
				C109FB0724B66D1C0013C027 /* LaunchScreen.storyboard in Resources */,
				C109FB0424B66D1C0013C027 /* Assets.xcassets in Resources */,
				C1533CDF24B8932C0038DCBA /* Podfile in Resources */,
				C109FB0224B66D1B0013C027 /* Main.storyboard in Resources */,
			);
			runOnlyForDeploymentPostprocessing = 0;
		};
		C109FB0B24B66D1C0013C027 /* Resources */ = {
			isa = PBXResourcesBuildPhase;
			buildActionMask = 2147483647;
			files = (
			);
			runOnlyForDeploymentPostprocessing = 0;
		};
		C109FB1624B66D1C0013C027 /* Resources */ = {
			isa = PBXResourcesBuildPhase;
			buildActionMask = 2147483647;
			files = (
			);
			runOnlyForDeploymentPostprocessing = 0;
		};
/* End PBXResourcesBuildPhase section */

/* Begin PBXShellScriptBuildPhase section */
		4E9A66986E3DD13B751E6B49 /* [CP] Check Pods Manifest.lock */ = {
			isa = PBXShellScriptBuildPhase;
			buildActionMask = 2147483647;
			files = (
			);
			inputFileListPaths = (
			);
			inputPaths = (
				"${PODS_PODFILE_DIR_PATH}/Podfile.lock",
				"${PODS_ROOT}/Manifest.lock",
			);
			name = "[CP] Check Pods Manifest.lock";
			outputFileListPaths = (
			);
			outputPaths = (
				"$(DERIVED_FILE_DIR)/Pods-Atom-AtomUITests-checkManifestLockResult.txt",
			);
			runOnlyForDeploymentPostprocessing = 0;
			shellPath = /bin/sh;
			shellScript = "diff \"${PODS_PODFILE_DIR_PATH}/Podfile.lock\" \"${PODS_ROOT}/Manifest.lock\" > /dev/null\nif [ $? != 0 ] ; then\n    # print error to STDERR\n    echo \"error: The sandbox is not in sync with the Podfile.lock. Run 'pod install' or update your CocoaPods installation.\" >&2\n    exit 1\nfi\n# This output is used by Xcode 'outputs' to avoid re-running this script phase.\necho \"SUCCESS\" > \"${SCRIPT_OUTPUT_FILE_0}\"\n";
			showEnvVarsInLog = 0;
		};
		4F58456FFA9C2864D0E8C223 /* [CP] Embed Pods Frameworks */ = {
			isa = PBXShellScriptBuildPhase;
			buildActionMask = 2147483647;
			files = (
			);
			inputFileListPaths = (
				"${PODS_ROOT}/Target Support Files/Pods-Atom-AtomUITests/Pods-Atom-AtomUITests-frameworks-${CONFIGURATION}-input-files.xcfilelist",
			);
			name = "[CP] Embed Pods Frameworks";
			outputFileListPaths = (
				"${PODS_ROOT}/Target Support Files/Pods-Atom-AtomUITests/Pods-Atom-AtomUITests-frameworks-${CONFIGURATION}-output-files.xcfilelist",
			);
			runOnlyForDeploymentPostprocessing = 0;
			shellPath = /bin/sh;
			shellScript = "\"${PODS_ROOT}/Target Support Files/Pods-Atom-AtomUITests/Pods-Atom-AtomUITests-frameworks.sh\"\n";
			showEnvVarsInLog = 0;
		};
		9B9D28928D6E71A1EFAAC088 /* [CP] Check Pods Manifest.lock */ = {
			isa = PBXShellScriptBuildPhase;
			buildActionMask = 2147483647;
			files = (
			);
			inputFileListPaths = (
			);
			inputPaths = (
				"${PODS_PODFILE_DIR_PATH}/Podfile.lock",
				"${PODS_ROOT}/Manifest.lock",
			);
			name = "[CP] Check Pods Manifest.lock";
			outputFileListPaths = (
			);
			outputPaths = (
				"$(DERIVED_FILE_DIR)/Pods-AtomTests-checkManifestLockResult.txt",
			);
			runOnlyForDeploymentPostprocessing = 0;
			shellPath = /bin/sh;
			shellScript = "diff \"${PODS_PODFILE_DIR_PATH}/Podfile.lock\" \"${PODS_ROOT}/Manifest.lock\" > /dev/null\nif [ $? != 0 ] ; then\n    # print error to STDERR\n    echo \"error: The sandbox is not in sync with the Podfile.lock. Run 'pod install' or update your CocoaPods installation.\" >&2\n    exit 1\nfi\n# This output is used by Xcode 'outputs' to avoid re-running this script phase.\necho \"SUCCESS\" > \"${SCRIPT_OUTPUT_FILE_0}\"\n";
			showEnvVarsInLog = 0;
		};
		B202365B06D3B7A3E9B7273B /* [CP] Check Pods Manifest.lock */ = {
			isa = PBXShellScriptBuildPhase;
			buildActionMask = 2147483647;
			files = (
			);
			inputFileListPaths = (
			);
			inputPaths = (
				"${PODS_PODFILE_DIR_PATH}/Podfile.lock",
				"${PODS_ROOT}/Manifest.lock",
			);
			name = "[CP] Check Pods Manifest.lock";
			outputFileListPaths = (
			);
			outputPaths = (
				"$(DERIVED_FILE_DIR)/Pods-Atom-checkManifestLockResult.txt",
			);
			runOnlyForDeploymentPostprocessing = 0;
			shellPath = /bin/sh;
			shellScript = "diff \"${PODS_PODFILE_DIR_PATH}/Podfile.lock\" \"${PODS_ROOT}/Manifest.lock\" > /dev/null\nif [ $? != 0 ] ; then\n    # print error to STDERR\n    echo \"error: The sandbox is not in sync with the Podfile.lock. Run 'pod install' or update your CocoaPods installation.\" >&2\n    exit 1\nfi\n# This output is used by Xcode 'outputs' to avoid re-running this script phase.\necho \"SUCCESS\" > \"${SCRIPT_OUTPUT_FILE_0}\"\n";
			showEnvVarsInLog = 0;
		};
		BE9C4C6872868C13BBCA90FB /* [CP] Embed Pods Frameworks */ = {
			isa = PBXShellScriptBuildPhase;
			buildActionMask = 2147483647;
			files = (
			);
			inputFileListPaths = (
				"${PODS_ROOT}/Target Support Files/Pods-Atom/Pods-Atom-frameworks-${CONFIGURATION}-input-files.xcfilelist",
			);
			name = "[CP] Embed Pods Frameworks";
			outputFileListPaths = (
				"${PODS_ROOT}/Target Support Files/Pods-Atom/Pods-Atom-frameworks-${CONFIGURATION}-output-files.xcfilelist",
			);
			runOnlyForDeploymentPostprocessing = 0;
			shellPath = /bin/sh;
			shellScript = "\"${PODS_ROOT}/Target Support Files/Pods-Atom/Pods-Atom-frameworks.sh\"\n";
			showEnvVarsInLog = 0;
		};
/* End PBXShellScriptBuildPhase section */

/* Begin PBXSourcesBuildPhase section */
		C109FAF524B66D1A0013C027 /* Sources */ = {
			isa = PBXSourcesBuildPhase;
			buildActionMask = 2147483647;
			files = (
				C109FAFF24B66D1B0013C027 /* ViewController.swift in Sources */,
				C109FAFD24B66D1B0013C027 /* AppDelegate.swift in Sources */,
				C1FFC9C024B8A6AC009696D6 /* SplashService.swift in Sources */,
				C1533CE624B898360038DCBA /* Movie.swift in Sources */,
				C1533CE324B897DB0038DCBA /* SplashView.swift in Sources */,
				C109FB2C24B66D630013C027 /* SplashVC.swift in Sources */,
				C1533CE124B897340038DCBA /* SplashPresenter.swift in Sources */,
			);
			runOnlyForDeploymentPostprocessing = 0;
		};
		C109FB0924B66D1C0013C027 /* Sources */ = {
			isa = PBXSourcesBuildPhase;
			buildActionMask = 2147483647;
			files = (
				C109FB1224B66D1C0013C027 /* AtomTests.swift in Sources */,
			);
			runOnlyForDeploymentPostprocessing = 0;
		};
		C109FB1424B66D1C0013C027 /* Sources */ = {
			isa = PBXSourcesBuildPhase;
			buildActionMask = 2147483647;
			files = (
				C109FB1D24B66D1C0013C027 /* AtomUITests.swift in Sources */,
			);
			runOnlyForDeploymentPostprocessing = 0;
		};
/* End PBXSourcesBuildPhase section */

/* Begin PBXTargetDependency section */
		C109FB0F24B66D1C0013C027 /* PBXTargetDependency */ = {
			isa = PBXTargetDependency;
			target = C109FAF824B66D1A0013C027 /* Atom */;
			targetProxy = C109FB0E24B66D1C0013C027 /* PBXContainerItemProxy */;
		};
		C109FB1A24B66D1C0013C027 /* PBXTargetDependency */ = {
			isa = PBXTargetDependency;
			target = C109FAF824B66D1A0013C027 /* Atom */;
			targetProxy = C109FB1924B66D1C0013C027 /* PBXContainerItemProxy */;
		};
/* End PBXTargetDependency section */

/* Begin PBXVariantGroup section */
		C109FB0024B66D1B0013C027 /* Main.storyboard */ = {
			isa = PBXVariantGroup;
			children = (
				C109FB0124B66D1B0013C027 /* Base */,
			);
			name = Main.storyboard;
			sourceTree = "<group>";
		};
		C109FB0524B66D1C0013C027 /* LaunchScreen.storyboard */ = {
			isa = PBXVariantGroup;
			children = (
				C109FB0624B66D1C0013C027 /* Base */,
			);
			name = LaunchScreen.storyboard;
			sourceTree = "<group>";
		};
/* End PBXVariantGroup section */

/* Begin XCBuildConfiguration section */
		C109FB1F24B66D1C0013C027 /* Debug */ = {
			isa = XCBuildConfiguration;
			buildSettings = {
				ALWAYS_SEARCH_USER_PATHS = NO;
				CLANG_ANALYZER_NONNULL = YES;
				CLANG_ANALYZER_NUMBER_OBJECT_CONVERSION = YES_AGGRESSIVE;
				CLANG_CXX_LANGUAGE_STANDARD = "gnu++14";
				CLANG_CXX_LIBRARY = "libc++";
				CLANG_ENABLE_MODULES = YES;
				CLANG_ENABLE_OBJC_ARC = YES;
				CLANG_ENABLE_OBJC_WEAK = YES;
				CLANG_WARN_BLOCK_CAPTURE_AUTORELEASING = YES;
				CLANG_WARN_BOOL_CONVERSION = YES;
				CLANG_WARN_COMMA = YES;
				CLANG_WARN_CONSTANT_CONVERSION = YES;
				CLANG_WARN_DEPRECATED_OBJC_IMPLEMENTATIONS = YES;
				CLANG_WARN_DIRECT_OBJC_ISA_USAGE = YES_ERROR;
				CLANG_WARN_DOCUMENTATION_COMMENTS = YES;
				CLANG_WARN_EMPTY_BODY = YES;
				CLANG_WARN_ENUM_CONVERSION = YES;
				CLANG_WARN_INFINITE_RECURSION = YES;
				CLANG_WARN_INT_CONVERSION = YES;
				CLANG_WARN_NON_LITERAL_NULL_CONVERSION = YES;
				CLANG_WARN_OBJC_IMPLICIT_RETAIN_SELF = YES;
				CLANG_WARN_OBJC_LITERAL_CONVERSION = YES;
				CLANG_WARN_OBJC_ROOT_CLASS = YES_ERROR;
				CLANG_WARN_RANGE_LOOP_ANALYSIS = YES;
				CLANG_WARN_STRICT_PROTOTYPES = YES;
				CLANG_WARN_SUSPICIOUS_MOVE = YES;
				CLANG_WARN_UNGUARDED_AVAILABILITY = YES_AGGRESSIVE;
				CLANG_WARN_UNREACHABLE_CODE = YES;
				CLANG_WARN__DUPLICATE_METHOD_MATCH = YES;
				CODE_SIGN_IDENTITY = "iPhone Developer";
				COPY_PHASE_STRIP = NO;
				DEBUG_INFORMATION_FORMAT = dwarf;
				ENABLE_STRICT_OBJC_MSGSEND = YES;
				ENABLE_TESTABILITY = YES;
				GCC_C_LANGUAGE_STANDARD = gnu11;
				GCC_DYNAMIC_NO_PIC = NO;
				GCC_NO_COMMON_BLOCKS = YES;
				GCC_OPTIMIZATION_LEVEL = 0;
				GCC_PREPROCESSOR_DEFINITIONS = (
					"DEBUG=1",
					"$(inherited)",
				);
				GCC_WARN_64_TO_32_BIT_CONVERSION = YES;
				GCC_WARN_ABOUT_RETURN_TYPE = YES_ERROR;
				GCC_WARN_UNDECLARED_SELECTOR = YES;
				GCC_WARN_UNINITIALIZED_AUTOS = YES_AGGRESSIVE;
				GCC_WARN_UNUSED_FUNCTION = YES;
				GCC_WARN_UNUSED_VARIABLE = YES;
				IPHONEOS_DEPLOYMENT_TARGET = 12.1;
				MTL_ENABLE_DEBUG_INFO = INCLUDE_SOURCE;
				MTL_FAST_MATH = YES;
				ONLY_ACTIVE_ARCH = YES;
				SDKROOT = iphoneos;
				SWIFT_ACTIVE_COMPILATION_CONDITIONS = DEBUG;
				SWIFT_OPTIMIZATION_LEVEL = "-Onone";
			};
			name = Debug;
		};
		C109FB2024B66D1C0013C027 /* Release */ = {
			isa = XCBuildConfiguration;
			buildSettings = {
				ALWAYS_SEARCH_USER_PATHS = NO;
				CLANG_ANALYZER_NONNULL = YES;
				CLANG_ANALYZER_NUMBER_OBJECT_CONVERSION = YES_AGGRESSIVE;
				CLANG_CXX_LANGUAGE_STANDARD = "gnu++14";
				CLANG_CXX_LIBRARY = "libc++";
				CLANG_ENABLE_MODULES = YES;
				CLANG_ENABLE_OBJC_ARC = YES;
				CLANG_ENABLE_OBJC_WEAK = YES;
				CLANG_WARN_BLOCK_CAPTURE_AUTORELEASING = YES;
				CLANG_WARN_BOOL_CONVERSION = YES;
				CLANG_WARN_COMMA = YES;
				CLANG_WARN_CONSTANT_CONVERSION = YES;
				CLANG_WARN_DEPRECATED_OBJC_IMPLEMENTATIONS = YES;
				CLANG_WARN_DIRECT_OBJC_ISA_USAGE = YES_ERROR;
				CLANG_WARN_DOCUMENTATION_COMMENTS = YES;
				CLANG_WARN_EMPTY_BODY = YES;
				CLANG_WARN_ENUM_CONVERSION = YES;
				CLANG_WARN_INFINITE_RECURSION = YES;
				CLANG_WARN_INT_CONVERSION = YES;
				CLANG_WARN_NON_LITERAL_NULL_CONVERSION = YES;
				CLANG_WARN_OBJC_IMPLICIT_RETAIN_SELF = YES;
				CLANG_WARN_OBJC_LITERAL_CONVERSION = YES;
				CLANG_WARN_OBJC_ROOT_CLASS = YES_ERROR;
				CLANG_WARN_RANGE_LOOP_ANALYSIS = YES;
				CLANG_WARN_STRICT_PROTOTYPES = YES;
				CLANG_WARN_SUSPICIOUS_MOVE = YES;
				CLANG_WARN_UNGUARDED_AVAILABILITY = YES_AGGRESSIVE;
				CLANG_WARN_UNREACHABLE_CODE = YES;
				CLANG_WARN__DUPLICATE_METHOD_MATCH = YES;
				CODE_SIGN_IDENTITY = "iPhone Developer";
				COPY_PHASE_STRIP = NO;
				DEBUG_INFORMATION_FORMAT = "dwarf-with-dsym";
				ENABLE_NS_ASSERTIONS = NO;
				ENABLE_STRICT_OBJC_MSGSEND = YES;
				GCC_C_LANGUAGE_STANDARD = gnu11;
				GCC_NO_COMMON_BLOCKS = YES;
				GCC_WARN_64_TO_32_BIT_CONVERSION = YES;
				GCC_WARN_ABOUT_RETURN_TYPE = YES_ERROR;
				GCC_WARN_UNDECLARED_SELECTOR = YES;
				GCC_WARN_UNINITIALIZED_AUTOS = YES_AGGRESSIVE;
				GCC_WARN_UNUSED_FUNCTION = YES;
				GCC_WARN_UNUSED_VARIABLE = YES;
				IPHONEOS_DEPLOYMENT_TARGET = 12.1;
				MTL_ENABLE_DEBUG_INFO = NO;
				MTL_FAST_MATH = YES;
				SDKROOT = iphoneos;
				SWIFT_COMPILATION_MODE = wholemodule;
				SWIFT_OPTIMIZATION_LEVEL = "-O";
				VALIDATE_PRODUCT = YES;
			};
			name = Release;
		};
		C109FB2224B66D1C0013C027 /* Debug */ = {
			isa = XCBuildConfiguration;
			baseConfigurationReference = A929446C144A84A936B6C660 /* Pods-Atom.debug.xcconfig */;
			buildSettings = {
				ASSETCATALOG_COMPILER_APPICON_NAME = AppIcon;
				CODE_SIGN_STYLE = Automatic;
				DEVELOPMENT_TEAM = XVKP4VGPGC;
				INFOPLIST_FILE = Atom/Info.plist;
				LD_RUNPATH_SEARCH_PATHS = (
					"$(inherited)",
					"@executable_path/Frameworks",
				);
				PRODUCT_BUNDLE_IDENTIFIER = fractalmedia.codechallenge.Atom;
				PRODUCT_NAME = "$(TARGET_NAME)";
				SWIFT_VERSION = 4.2;
				TARGETED_DEVICE_FAMILY = "1,2";
			};
			name = Debug;
		};
		C109FB2324B66D1C0013C027 /* Release */ = {
			isa = XCBuildConfiguration;
			baseConfigurationReference = 002B7FB711282C387FFDC10C /* Pods-Atom.release.xcconfig */;
			buildSettings = {
				ASSETCATALOG_COMPILER_APPICON_NAME = AppIcon;
				CODE_SIGN_STYLE = Automatic;
				DEVELOPMENT_TEAM = XVKP4VGPGC;
				INFOPLIST_FILE = Atom/Info.plist;
				LD_RUNPATH_SEARCH_PATHS = (
					"$(inherited)",
					"@executable_path/Frameworks",
				);
				PRODUCT_BUNDLE_IDENTIFIER = fractalmedia.codechallenge.Atom;
				PRODUCT_NAME = "$(TARGET_NAME)";
				SWIFT_VERSION = 4.2;
				TARGETED_DEVICE_FAMILY = "1,2";
			};
			name = Release;
		};
		C109FB2524B66D1C0013C027 /* Debug */ = {
			isa = XCBuildConfiguration;
			baseConfigurationReference = 16EE9B7A721FC651398749C3 /* Pods-AtomTests.debug.xcconfig */;
			buildSettings = {
				ALWAYS_EMBED_SWIFT_STANDARD_LIBRARIES = YES;
				BUNDLE_LOADER = "$(TEST_HOST)";
				CODE_SIGN_STYLE = Automatic;
				DEVELOPMENT_TEAM = XVKP4VGPGC;
				INFOPLIST_FILE = AtomTests/Info.plist;
				LD_RUNPATH_SEARCH_PATHS = (
					"$(inherited)",
					"@executable_path/Frameworks",
					"@loader_path/Frameworks",
				);
				PRODUCT_BUNDLE_IDENTIFIER = fractalmedia.codechallenge.AtomTests;
				PRODUCT_NAME = "$(TARGET_NAME)";
				SWIFT_VERSION = 4.2;
				TARGETED_DEVICE_FAMILY = "1,2";
				TEST_HOST = "$(BUILT_PRODUCTS_DIR)/Atom.app/Atom";
			};
			name = Debug;
		};
		C109FB2624B66D1C0013C027 /* Release */ = {
			isa = XCBuildConfiguration;
			baseConfigurationReference = D3ACFAFAD4DA4E1539F53C00 /* Pods-AtomTests.release.xcconfig */;
			buildSettings = {
				ALWAYS_EMBED_SWIFT_STANDARD_LIBRARIES = YES;
				BUNDLE_LOADER = "$(TEST_HOST)";
				CODE_SIGN_STYLE = Automatic;
				DEVELOPMENT_TEAM = XVKP4VGPGC;
				INFOPLIST_FILE = AtomTests/Info.plist;
				LD_RUNPATH_SEARCH_PATHS = (
					"$(inherited)",
					"@executable_path/Frameworks",
					"@loader_path/Frameworks",
				);
				PRODUCT_BUNDLE_IDENTIFIER = fractalmedia.codechallenge.AtomTests;
				PRODUCT_NAME = "$(TARGET_NAME)";
				SWIFT_VERSION = 4.2;
				TARGETED_DEVICE_FAMILY = "1,2";
				TEST_HOST = "$(BUILT_PRODUCTS_DIR)/Atom.app/Atom";
			};
			name = Release;
		};
		C109FB2824B66D1C0013C027 /* Debug */ = {
			isa = XCBuildConfiguration;
			baseConfigurationReference = 6C897FC3D79193A546DDC3AE /* Pods-Atom-AtomUITests.debug.xcconfig */;
			buildSettings = {
				ALWAYS_EMBED_SWIFT_STANDARD_LIBRARIES = YES;
				CODE_SIGN_STYLE = Automatic;
				DEVELOPMENT_TEAM = XVKP4VGPGC;
				INFOPLIST_FILE = AtomUITests/Info.plist;
				LD_RUNPATH_SEARCH_PATHS = (
					"$(inherited)",
					"@executable_path/Frameworks",
					"@loader_path/Frameworks",
				);
				PRODUCT_BUNDLE_IDENTIFIER = fractalmedia.codechallenge.AtomUITests;
				PRODUCT_NAME = "$(TARGET_NAME)";
				SWIFT_VERSION = 4.2;
				TARGETED_DEVICE_FAMILY = "1,2";
				TEST_TARGET_NAME = Atom;
			};
			name = Debug;
		};
		C109FB2924B66D1C0013C027 /* Release */ = {
			isa = XCBuildConfiguration;
			baseConfigurationReference = 362A7C222C94590496785C7D /* Pods-Atom-AtomUITests.release.xcconfig */;
			buildSettings = {
				ALWAYS_EMBED_SWIFT_STANDARD_LIBRARIES = YES;
				CODE_SIGN_STYLE = Automatic;
				DEVELOPMENT_TEAM = XVKP4VGPGC;
				INFOPLIST_FILE = AtomUITests/Info.plist;
				LD_RUNPATH_SEARCH_PATHS = (
					"$(inherited)",
					"@executable_path/Frameworks",
					"@loader_path/Frameworks",
				);
				PRODUCT_BUNDLE_IDENTIFIER = fractalmedia.codechallenge.AtomUITests;
				PRODUCT_NAME = "$(TARGET_NAME)";
				SWIFT_VERSION = 4.2;
				TARGETED_DEVICE_FAMILY = "1,2";
				TEST_TARGET_NAME = Atom;
			};
			name = Release;
		};
/* End XCBuildConfiguration section */

/* Begin XCConfigurationList section */
		C109FAF424B66D1A0013C027 /* Build configuration list for PBXProject "Atom" */ = {
			isa = XCConfigurationList;
			buildConfigurations = (
				C109FB1F24B66D1C0013C027 /* Debug */,
				C109FB2024B66D1C0013C027 /* Release */,
			);
			defaultConfigurationIsVisible = 0;
			defaultConfigurationName = Release;
		};
		C109FB2124B66D1C0013C027 /* Build configuration list for PBXNativeTarget "Atom" */ = {
			isa = XCConfigurationList;
			buildConfigurations = (
				C109FB2224B66D1C0013C027 /* Debug */,
				C109FB2324B66D1C0013C027 /* Release */,
			);
			defaultConfigurationIsVisible = 0;
			defaultConfigurationName = Release;
		};
		C109FB2424B66D1C0013C027 /* Build configuration list for PBXNativeTarget "AtomTests" */ = {
			isa = XCConfigurationList;
			buildConfigurations = (
				C109FB2524B66D1C0013C027 /* Debug */,
				C109FB2624B66D1C0013C027 /* Release */,
			);
			defaultConfigurationIsVisible = 0;
			defaultConfigurationName = Release;
		};
		C109FB2724B66D1C0013C027 /* Build configuration list for PBXNativeTarget "AtomUITests" */ = {
			isa = XCConfigurationList;
			buildConfigurations = (
				C109FB2824B66D1C0013C027 /* Debug */,
				C109FB2924B66D1C0013C027 /* Release */,
			);
			defaultConfigurationIsVisible = 0;
			defaultConfigurationName = Release;
		};
/* End XCConfigurationList section */
	};
	rootObject = C109FAF124B66D1A0013C027 /* Project object */;
}
